// !$*UTF8*$!
{
	archiveVersion = 1;
	classes = {
	};
	objectVersion = 56;
	objects = {

/* Begin PBXBuildFile section */
		5B203FFB2B121C5D00BD99CC /* TimerView.swift in Sources */ = {isa = PBXBuildFile; fileRef = 5B203FFA2B121C5D00BD99CC /* TimerView.swift */; };
		5B203FFD2B12328F00BD99CC /* SignalRowView.swift in Sources */ = {isa = PBXBuildFile; fileRef = 5B203FFC2B12328F00BD99CC /* SignalRowView.swift */; };
		5B23B01E2B01705A007C6892 /* DemoCalculatorsView.swift in Sources */ = {isa = PBXBuildFile; fileRef = 5B23B01D2B01705A007C6892 /* DemoCalculatorsView.swift */; };
		5B23B0202B017083007C6892 /* RateView.swift in Sources */ = {isa = PBXBuildFile; fileRef = 5B23B01F2B017083007C6892 /* RateView.swift */; };
		5B23B0222B017096007C6892 /* GetStartedView.swift in Sources */ = {isa = PBXBuildFile; fileRef = 5B23B0212B017096007C6892 /* GetStartedView.swift */; };
		5B27E3212B06CD1D006787C9 /* FibonacciButton.swift in Sources */ = {isa = PBXBuildFile; fileRef = 5B27E3202B06CD1D006787C9 /* FibonacciButton.swift */; };
		5B27E3232B06CDA9006787C9 /* StreamsButton.swift in Sources */ = {isa = PBXBuildFile; fileRef = 5B27E3222B06CDA9006787C9 /* StreamsButton.swift */; };
		5B27E3292B06CEC7006787C9 /* PrivacyPolicyButton.swift in Sources */ = {isa = PBXBuildFile; fileRef = 5B27E3282B06CEC7006787C9 /* PrivacyPolicyButton.swift */; };
		5B27E32B2B06CED3006787C9 /* SupportAppButton.swift in Sources */ = {isa = PBXBuildFile; fileRef = 5B27E32A2B06CED3006787C9 /* SupportAppButton.swift */; };
		5B516A3B2B0A2EA100395CA4 /* RowModel.swift in Sources */ = {isa = PBXBuildFile; fileRef = 5B516A3A2B0A2EA100395CA4 /* RowModel.swift */; };
		5B751F812B12388A0093AECB /* SignalViewModel.swift in Sources */ = {isa = PBXBuildFile; fileRef = 5B751F802B12388A0093AECB /* SignalViewModel.swift */; };
		5B751F852B12458D0093AECB /* SignalModel.swift in Sources */ = {isa = PBXBuildFile; fileRef = 5B751F842B12458D0093AECB /* SignalModel.swift */; };
		5B7A2F1E2B05512E00454B14 /* TabBarView.swift in Sources */ = {isa = PBXBuildFile; fileRef = 5B7A2F1D2B05512E00454B14 /* TabBarView.swift */; };
		5B7A2F202B05515D00454B14 /* SignalsView.swift in Sources */ = {isa = PBXBuildFile; fileRef = 5B7A2F1F2B05515D00454B14 /* SignalsView.swift */; };
		5B7A2F242B057C0A00454B14 /* EditorsButton.swift in Sources */ = {isa = PBXBuildFile; fileRef = 5B7A2F232B057C0A00454B14 /* EditorsButton.swift */; };
		5B7A2F262B057D1900454B14 /* GainAndLossButton.swift in Sources */ = {isa = PBXBuildFile; fileRef = 5B7A2F252B057D1900454B14 /* GainAndLossButton.swift */; };
		5B7A2F282B057D8700454B14 /* SettingsButton.swift in Sources */ = {isa = PBXBuildFile; fileRef = 5B7A2F272B057D8700454B14 /* SettingsButton.swift */; };
		5B7FBAAA2B093B65004E049F /* FibonacciCalculator.swift in Sources */ = {isa = PBXBuildFile; fileRef = 5B7FBAA92B093B65004E049F /* FibonacciCalculator.swift */; };
		5B7FBAAC2B095365004E049F /* ListRowViewModel.swift in Sources */ = {isa = PBXBuildFile; fileRef = 5B7FBAAB2B095365004E049F /* ListRowViewModel.swift */; };
		5B9FAD9A2B06C2960061BF21 /* SettingsView.swift in Sources */ = {isa = PBXBuildFile; fileRef = 5B9FAD992B06C2960061BF21 /* SettingsView.swift */; };
		5BA4D15D2B013D5D00B4A10F /* DemoPhoneView.swift in Sources */ = {isa = PBXBuildFile; fileRef = 5BA4D15C2B013D5D00B4A10F /* DemoPhoneView.swift */; };
		5BB4DF8F2B00DE3500DE827B /* CalcHelperApp.swift in Sources */ = {isa = PBXBuildFile; fileRef = 5BB4DF8E2B00DE3500DE827B /* CalcHelperApp.swift */; };
		5BB4DF932B00DE3700DE827B /* Assets.xcassets in Resources */ = {isa = PBXBuildFile; fileRef = 5BB4DF922B00DE3700DE827B /* Assets.xcassets */; };
		5BB4DF962B00DE3700DE827B /* Preview Assets.xcassets in Resources */ = {isa = PBXBuildFile; fileRef = 5BB4DF952B00DE3700DE827B /* Preview Assets.xcassets */; };
		5BB4DF9F2B00DF6400DE827B /* LaunchScreen.storyboard in Resources */ = {isa = PBXBuildFile; fileRef = 5BB4DF9E2B00DF6400DE827B /* LaunchScreen.storyboard */; };
		5BB4DFA72B00E84400DE827B /* Color.swift in Sources */ = {isa = PBXBuildFile; fileRef = 5BB4DFA62B00E84400DE827B /* Color.swift */; };
		5BB4DFA92B00F17900DE827B /* LoadingView.swift in Sources */ = {isa = PBXBuildFile; fileRef = 5BB4DFA82B00F17900DE827B /* LoadingView.swift */; };
		5BB4DFAE2B01031400DE827B /* WelcomeView.swift in Sources */ = {isa = PBXBuildFile; fileRef = 5BB4DFAD2B01031400DE827B /* WelcomeView.swift */; };
		5BB4DFB32B01044700DE827B /* BackgroundView.swift in Sources */ = {isa = PBXBuildFile; fileRef = 5BB4DFB22B01044700DE827B /* BackgroundView.swift */; };
		5BB4DFB72B0125BB00DE827B /* OnboardingView.swift in Sources */ = {isa = PBXBuildFile; fileRef = 5BB4DFB62B0125BB00DE827B /* OnboardingView.swift */; };
		5BB4DFB92B01280D00DE827B /* DemoTargetsView.swift in Sources */ = {isa = PBXBuildFile; fileRef = 5BB4DFB82B01280D00DE827B /* DemoTargetsView.swift */; };
		5BB860612B0A9830005D13D3 /* Gain&LossCalculator.swift in Sources */ = {isa = PBXBuildFile; fileRef = 5BB860602B0A9830005D13D3 /* Gain&LossCalculator.swift */; };
		5BD0B8EC2B02AA8900F362B4 /* HomeView.swift in Sources */ = {isa = PBXBuildFile; fileRef = 5BD0B8EB2B02AA8900F362B4 /* HomeView.swift */; };
		5BF337662B04074300BE382E /* BackgroundTabView.swift in Sources */ = {isa = PBXBuildFile; fileRef = 5BF337652B04074300BE382E /* BackgroundTabView.swift */; };
/* End PBXBuildFile section */

/* Begin PBXFileReference section */
		5B203FF92B120ABB00BD99CC /* Info.plist */ = {isa = PBXFileReference; lastKnownFileType = text.plist; path = Info.plist; sourceTree = "<group>"; };
		5B203FFA2B121C5D00BD99CC /* TimerView.swift */ = {isa = PBXFileReference; lastKnownFileType = sourcecode.swift; path = TimerView.swift; sourceTree = "<group>"; };
		5B203FFC2B12328F00BD99CC /* SignalRowView.swift */ = {isa = PBXFileReference; lastKnownFileType = sourcecode.swift; path = SignalRowView.swift; sourceTree = "<group>"; };
		5B23B01D2B01705A007C6892 /* DemoCalculatorsView.swift */ = {isa = PBXFileReference; lastKnownFileType = sourcecode.swift; path = DemoCalculatorsView.swift; sourceTree = "<group>"; };
		5B23B01F2B017083007C6892 /* RateView.swift */ = {isa = PBXFileReference; lastKnownFileType = sourcecode.swift; path = RateView.swift; sourceTree = "<group>"; };
		5B23B0212B017096007C6892 /* GetStartedView.swift */ = {isa = PBXFileReference; lastKnownFileType = sourcecode.swift; path = GetStartedView.swift; sourceTree = "<group>"; };
		5B27E3202B06CD1D006787C9 /* FibonacciButton.swift */ = {isa = PBXFileReference; lastKnownFileType = sourcecode.swift; path = FibonacciButton.swift; sourceTree = "<group>"; };
		5B27E3222B06CDA9006787C9 /* StreamsButton.swift */ = {isa = PBXFileReference; lastKnownFileType = sourcecode.swift; path = StreamsButton.swift; sourceTree = "<group>"; };
		5B27E3282B06CEC7006787C9 /* PrivacyPolicyButton.swift */ = {isa = PBXFileReference; lastKnownFileType = sourcecode.swift; path = PrivacyPolicyButton.swift; sourceTree = "<group>"; };
		5B27E32A2B06CED3006787C9 /* SupportAppButton.swift */ = {isa = PBXFileReference; lastKnownFileType = sourcecode.swift; path = SupportAppButton.swift; sourceTree = "<group>"; };
		5B516A3A2B0A2EA100395CA4 /* RowModel.swift */ = {isa = PBXFileReference; lastKnownFileType = sourcecode.swift; path = RowModel.swift; sourceTree = "<group>"; };
		5B751F802B12388A0093AECB /* SignalViewModel.swift */ = {isa = PBXFileReference; lastKnownFileType = sourcecode.swift; path = SignalViewModel.swift; sourceTree = "<group>"; };
		5B751F842B12458D0093AECB /* SignalModel.swift */ = {isa = PBXFileReference; lastKnownFileType = sourcecode.swift; path = SignalModel.swift; sourceTree = "<group>"; };
		5B7A2F1D2B05512E00454B14 /* TabBarView.swift */ = {isa = PBXFileReference; lastKnownFileType = sourcecode.swift; path = TabBarView.swift; sourceTree = "<group>"; };
		5B7A2F1F2B05515D00454B14 /* SignalsView.swift */ = {isa = PBXFileReference; lastKnownFileType = sourcecode.swift; path = SignalsView.swift; sourceTree = "<group>"; };
		5B7A2F232B057C0A00454B14 /* EditorsButton.swift */ = {isa = PBXFileReference; lastKnownFileType = sourcecode.swift; path = EditorsButton.swift; sourceTree = "<group>"; };
		5B7A2F252B057D1900454B14 /* GainAndLossButton.swift */ = {isa = PBXFileReference; lastKnownFileType = sourcecode.swift; path = GainAndLossButton.swift; sourceTree = "<group>"; };
		5B7A2F272B057D8700454B14 /* SettingsButton.swift */ = {isa = PBXFileReference; lastKnownFileType = sourcecode.swift; path = SettingsButton.swift; sourceTree = "<group>"; };
		5B7FBAA92B093B65004E049F /* FibonacciCalculator.swift */ = {isa = PBXFileReference; lastKnownFileType = sourcecode.swift; path = FibonacciCalculator.swift; sourceTree = "<group>"; };
		5B7FBAAB2B095365004E049F /* ListRowViewModel.swift */ = {isa = PBXFileReference; lastKnownFileType = sourcecode.swift; path = ListRowViewModel.swift; sourceTree = "<group>"; };
		5B9FAD992B06C2960061BF21 /* SettingsView.swift */ = {isa = PBXFileReference; lastKnownFileType = sourcecode.swift; path = SettingsView.swift; sourceTree = "<group>"; };
		5BA4D15C2B013D5D00B4A10F /* DemoPhoneView.swift */ = {isa = PBXFileReference; lastKnownFileType = sourcecode.swift; path = DemoPhoneView.swift; sourceTree = "<group>"; };
		5BB4DF8B2B00DE3500DE827B /* CalcHelper.app */ = {isa = PBXFileReference; explicitFileType = wrapper.application; includeInIndex = 0; path = CalcHelper.app; sourceTree = BUILT_PRODUCTS_DIR; };
		5BB4DF8E2B00DE3500DE827B /* CalcHelperApp.swift */ = {isa = PBXFileReference; lastKnownFileType = sourcecode.swift; path = CalcHelperApp.swift; sourceTree = "<group>"; };
		5BB4DF922B00DE3700DE827B /* Assets.xcassets */ = {isa = PBXFileReference; lastKnownFileType = folder.assetcatalog; path = Assets.xcassets; sourceTree = "<group>"; };
		5BB4DF952B00DE3700DE827B /* Preview Assets.xcassets */ = {isa = PBXFileReference; lastKnownFileType = folder.assetcatalog; path = "Preview Assets.xcassets"; sourceTree = "<group>"; };
		5BB4DF9E2B00DF6400DE827B /* LaunchScreen.storyboard */ = {isa = PBXFileReference; lastKnownFileType = file.storyboard; path = LaunchScreen.storyboard; sourceTree = "<group>"; };
		5BB4DFA62B00E84400DE827B /* Color.swift */ = {isa = PBXFileReference; lastKnownFileType = sourcecode.swift; path = Color.swift; sourceTree = "<group>"; };
		5BB4DFA82B00F17900DE827B /* LoadingView.swift */ = {isa = PBXFileReference; lastKnownFileType = sourcecode.swift; path = LoadingView.swift; sourceTree = "<group>"; };
		5BB4DFAD2B01031400DE827B /* WelcomeView.swift */ = {isa = PBXFileReference; lastKnownFileType = sourcecode.swift; path = WelcomeView.swift; sourceTree = "<group>"; };
		5BB4DFB22B01044700DE827B /* BackgroundView.swift */ = {isa = PBXFileReference; lastKnownFileType = sourcecode.swift; path = BackgroundView.swift; sourceTree = "<group>"; };
		5BB4DFB62B0125BB00DE827B /* OnboardingView.swift */ = {isa = PBXFileReference; lastKnownFileType = sourcecode.swift; path = OnboardingView.swift; sourceTree = "<group>"; };
		5BB4DFB82B01280D00DE827B /* DemoTargetsView.swift */ = {isa = PBXFileReference; lastKnownFileType = sourcecode.swift; path = DemoTargetsView.swift; sourceTree = "<group>"; };
		5BB860602B0A9830005D13D3 /* Gain&LossCalculator.swift */ = {isa = PBXFileReference; lastKnownFileType = sourcecode.swift; path = "Gain&LossCalculator.swift"; sourceTree = "<group>"; };
		5BD0B8EB2B02AA8900F362B4 /* HomeView.swift */ = {isa = PBXFileReference; lastKnownFileType = sourcecode.swift; path = HomeView.swift; sourceTree = "<group>"; };
		5BF337652B04074300BE382E /* BackgroundTabView.swift */ = {isa = PBXFileReference; lastKnownFileType = sourcecode.swift; path = BackgroundTabView.swift; sourceTree = "<group>"; };
/* End PBXFileReference section */

/* Begin PBXFrameworksBuildPhase section */
		5BB4DF882B00DE3500DE827B /* Frameworks */ = {
			isa = PBXFrameworksBuildPhase;
			buildActionMask = 2147483647;
			files = (
			);
			runOnlyForDeploymentPostprocessing = 0;
		};
/* End PBXFrameworksBuildPhase section */

/* Begin PBXGroup section */
		5B27E3242B06CDB4006787C9 /* TargetButtons */ = {
			isa = PBXGroup;
			children = (
				5B27E3222B06CDA9006787C9 /* StreamsButton.swift */,
				5B7A2F232B057C0A00454B14 /* EditorsButton.swift */,
			);
			path = TargetButtons;
			sourceTree = "<group>";
		};
		5B27E3252B06CE32006787C9 /* CalculatorButtons */ = {
			isa = PBXGroup;
			children = (
				5B27E3202B06CD1D006787C9 /* FibonacciButton.swift */,
				5B7A2F252B057D1900454B14 /* GainAndLossButton.swift */,
			);
			path = CalculatorButtons;
			sourceTree = "<group>";
		};
		5B27E3262B06CE74006787C9 /* SettingsButton */ = {
			isa = PBXGroup;
			children = (
				5B7A2F272B057D8700454B14 /* SettingsButton.swift */,
			);
			path = SettingsButton;
			sourceTree = "<group>";
		};
		5B27E3272B06CE81006787C9 /* SupportButtons */ = {
			isa = PBXGroup;
			children = (
				5B27E3282B06CEC7006787C9 /* PrivacyPolicyButton.swift */,
				5B27E32A2B06CED3006787C9 /* SupportAppButton.swift */,
			);
			path = SupportButtons;
			sourceTree = "<group>";
		};
		5B751F7D2B12383C0093AECB /* Signals */ = {
			isa = PBXGroup;
			children = (
				5B7A2F1F2B05515D00454B14 /* SignalsView.swift */,
			);
			path = Signals;
			sourceTree = "<group>";
		};
		5B751F7E2B12385C0093AECB /* Timer */ = {
			isa = PBXGroup;
			children = (
				5B203FFA2B121C5D00BD99CC /* TimerView.swift */,
			);
			path = Timer;
			sourceTree = "<group>";
		};
		5B751F7F2B12386F0093AECB /* ListSignals */ = {
			isa = PBXGroup;
			children = (
				5B203FFC2B12328F00BD99CC /* SignalRowView.swift */,
				5B751F802B12388A0093AECB /* SignalViewModel.swift */,
				5B751F842B12458D0093AECB /* SignalModel.swift */,
			);
			path = ListSignals;
			sourceTree = "<group>";
		};
		5B7A2F102B05502900454B14 /* TabView */ = {
			isa = PBXGroup;
			children = (
				5B7A2F222B056CAB00454B14 /* TabBar */,
				5B7A2F1B2B0550E400454B14 /* Background */,
				5BD0B8EA2B02A9F400F362B4 /* HomeTab */,
				5B7A2F112B05504B00454B14 /* SignalsTab */,
			);
			path = TabView;
			sourceTree = "<group>";
		};
		5B7A2F112B05504B00454B14 /* SignalsTab */ = {
			isa = PBXGroup;
			children = (
				5B7A2F212B05637300454B14 /* Views */,
			);
			path = SignalsTab;
			sourceTree = "<group>";
		};
		5B7A2F132B05507000454B14 /* Background */ = {
			isa = PBXGroup;
			children = (
				5BB4DFB22B01044700DE827B /* BackgroundView.swift */,
			);
			path = Background;
			sourceTree = "<group>";
		};
		5B7A2F142B05508800454B14 /* Onboarding */ = {
			isa = PBXGroup;
			children = (
				5BB4DFB62B0125BB00DE827B /* OnboardingView.swift */,
			);
			path = Onboarding;
			sourceTree = "<group>";
		};
		5B7A2F152B05509300454B14 /* Welcome */ = {
			isa = PBXGroup;
			children = (
				5BB4DFAD2B01031400DE827B /* WelcomeView.swift */,
			);
			path = Welcome;
			sourceTree = "<group>";
		};
		5B7A2F162B0550A000454B14 /* DemoTargets */ = {
			isa = PBXGroup;
			children = (
				5BB4DFB82B01280D00DE827B /* DemoTargetsView.swift */,
			);
			path = DemoTargets;
			sourceTree = "<group>";
		};
		5B7A2F172B0550B400454B14 /* DemoPhone */ = {
			isa = PBXGroup;
			children = (
				5BA4D15C2B013D5D00B4A10F /* DemoPhoneView.swift */,
			);
			path = DemoPhone;
			sourceTree = "<group>";
		};
		5B7A2F182B0550C100454B14 /* DemoCalculators */ = {
			isa = PBXGroup;
			children = (
				5B23B01D2B01705A007C6892 /* DemoCalculatorsView.swift */,
			);
			path = DemoCalculators;
			sourceTree = "<group>";
		};
		5B7A2F192B0550CB00454B14 /* Rate */ = {
			isa = PBXGroup;
			children = (
				5B23B01F2B017083007C6892 /* RateView.swift */,
			);
			path = Rate;
			sourceTree = "<group>";
		};
		5B7A2F1A2B0550D700454B14 /* GetStarted */ = {
			isa = PBXGroup;
			children = (
				5B23B0212B017096007C6892 /* GetStartedView.swift */,
			);
			path = GetStarted;
			sourceTree = "<group>";
		};
		5B7A2F1B2B0550E400454B14 /* Background */ = {
			isa = PBXGroup;
			children = (
				5BF337652B04074300BE382E /* BackgroundTabView.swift */,
			);
			path = Background;
			sourceTree = "<group>";
		};
		5B7A2F1C2B0550F000454B14 /* Home */ = {
			isa = PBXGroup;
			children = (
				5BD0B8EB2B02AA8900F362B4 /* HomeView.swift */,
			);
			path = Home;
			sourceTree = "<group>";
		};
		5B7A2F212B05637300454B14 /* Views */ = {
			isa = PBXGroup;
			children = (
				5B751F7D2B12383C0093AECB /* Signals */,
				5B751F7E2B12385C0093AECB /* Timer */,
				5B751F7F2B12386F0093AECB /* ListSignals */,
			);
			path = Views;
			sourceTree = "<group>";
		};
		5B7A2F222B056CAB00454B14 /* TabBar */ = {
			isa = PBXGroup;
			children = (
				5B7A2F1D2B05512E00454B14 /* TabBarView.swift */,
			);
			path = TabBar;
			sourceTree = "<group>";
		};
		5B9FAD962B06C2360061BF21 /* Fibonacci */ = {
			isa = PBXGroup;
			children = (
				5B7FBAA92B093B65004E049F /* FibonacciCalculator.swift */,
				5B7FBAAB2B095365004E049F /* ListRowViewModel.swift */,
				5B516A3A2B0A2EA100395CA4 /* RowModel.swift */,
			);
			path = Fibonacci;
			sourceTree = "<group>";
		};
		5B9FAD972B06C23D0061BF21 /* Gain&Loss */ = {
			isa = PBXGroup;
			children = (
				5BB860602B0A9830005D13D3 /* Gain&LossCalculator.swift */,
			);
			path = "Gain&Loss";
			sourceTree = "<group>";
		};
		5B9FAD982B06C2530061BF21 /* Settings */ = {
			isa = PBXGroup;
			children = (
				5B9FAD992B06C2960061BF21 /* SettingsView.swift */,
			);
			path = Settings;
			sourceTree = "<group>";
		};
		5BB4DF822B00DE3500DE827B = {
			isa = PBXGroup;
			children = (
				5BB4DF8D2B00DE3500DE827B /* CalcHelper */,
				5BB4DF8C2B00DE3500DE827B /* Products */,
			);
			sourceTree = "<group>";
		};
		5BB4DF8C2B00DE3500DE827B /* Products */ = {
			isa = PBXGroup;
			children = (
				5BB4DF8B2B00DE3500DE827B /* CalcHelper.app */,
			);
			name = Products;
			sourceTree = "<group>";
		};
		5BB4DF8D2B00DE3500DE827B /* CalcHelper */ = {
			isa = PBXGroup;
			children = (
				5B203FF92B120ABB00BD99CC /* Info.plist */,
				5BB4DF9C2B00DE7200DE827B /* App */,
				5BB4DF942B00DE3700DE827B /* Preview Content */,
				5BB4DFA52B00E82700DE827B /* Extensions */,
				5BB4DFAA2B00F22100DE827B /* Core */,
			);
			path = CalcHelper;
			sourceTree = "<group>";
		};
		5BB4DF942B00DE3700DE827B /* Preview Content */ = {
			isa = PBXGroup;
			children = (
				5BB4DF952B00DE3700DE827B /* Preview Assets.xcassets */,
			);
			path = "Preview Content";
			sourceTree = "<group>";
		};
		5BB4DF9C2B00DE7200DE827B /* App */ = {
			isa = PBXGroup;
			children = (
				5BB4DF8E2B00DE3500DE827B /* CalcHelperApp.swift */,
				5BB4DF922B00DE3700DE827B /* Assets.xcassets */,
			);
			path = App;
			sourceTree = "<group>";
		};
		5BB4DF9D2B00DF5300DE827B /* Preloader */ = {
			isa = PBXGroup;
			children = (
				5BB4DFA12B00E24F00DE827B /* Launch */,
				5BB4DFA22B00E7CF00DE827B /* Loading */,
			);
			path = Preloader;
			sourceTree = "<group>";
		};
		5BB4DFA12B00E24F00DE827B /* Launch */ = {
			isa = PBXGroup;
			children = (
				5BB4DF9E2B00DF6400DE827B /* LaunchScreen.storyboard */,
			);
			path = Launch;
			sourceTree = "<group>";
		};
		5BB4DFA22B00E7CF00DE827B /* Loading */ = {
			isa = PBXGroup;
			children = (
				5BB4DFA82B00F17900DE827B /* LoadingView.swift */,
			);
			path = Loading;
			sourceTree = "<group>";
		};
		5BB4DFA52B00E82700DE827B /* Extensions */ = {
			isa = PBXGroup;
			children = (
				5BB4DFA62B00E84400DE827B /* Color.swift */,
			);
			path = Extensions;
			sourceTree = "<group>";
		};
		5BB4DFAA2B00F22100DE827B /* Core */ = {
			isa = PBXGroup;
			children = (
				5BB4DFAB2B00F22C00DE827B /* Components */,
				5BB4DF9D2B00DF5300DE827B /* Preloader */,
				5BB4DFAC2B0102FD00DE827B /* Main */,
				5B7A2F102B05502900454B14 /* TabView */,
			);
			path = Core;
			sourceTree = "<group>";
		};
		5BB4DFAB2B00F22C00DE827B /* Components */ = {
			isa = PBXGroup;
			children = (
				5B27E3242B06CDB4006787C9 /* TargetButtons */,
				5B27E3252B06CE32006787C9 /* CalculatorButtons */,
				5B27E3262B06CE74006787C9 /* SettingsButton */,
				5B27E3272B06CE81006787C9 /* SupportButtons */,
			);
			path = Components;
			sourceTree = "<group>";
		};
		5BB4DFAC2B0102FD00DE827B /* Main */ = {
			isa = PBXGroup;
			children = (
				5BB4DFB12B01043500DE827B /* Views */,
			);
			path = Main;
			sourceTree = "<group>";
		};
		5BB4DFB12B01043500DE827B /* Views */ = {
			isa = PBXGroup;
			children = (
				5B7A2F132B05507000454B14 /* Background */,
				5B7A2F142B05508800454B14 /* Onboarding */,
				5B7A2F152B05509300454B14 /* Welcome */,
				5B7A2F162B0550A000454B14 /* DemoTargets */,
				5B7A2F172B0550B400454B14 /* DemoPhone */,
				5B7A2F182B0550C100454B14 /* DemoCalculators */,
				5B7A2F192B0550CB00454B14 /* Rate */,
				5B7A2F1A2B0550D700454B14 /* GetStarted */,
			);
			path = Views;
			sourceTree = "<group>";
		};
		5BD0B8EA2B02A9F400F362B4 /* HomeTab */ = {
			isa = PBXGroup;
			children = (
				5BF337672B04078B00BE382E /* Views */,
			);
			path = HomeTab;
			sourceTree = "<group>";
		};
		5BF337672B04078B00BE382E /* Views */ = {
			isa = PBXGroup;
			children = (
				5B7A2F1C2B0550F000454B14 /* Home */,
				5B9FAD962B06C2360061BF21 /* Fibonacci */,
				5B9FAD972B06C23D0061BF21 /* Gain&Loss */,
				5B9FAD982B06C2530061BF21 /* Settings */,
			);
			path = Views;
			sourceTree = "<group>";
		};
/* End PBXGroup section */

/* Begin PBXNativeTarget section */
		5BB4DF8A2B00DE3500DE827B /* CalcHelper */ = {
			isa = PBXNativeTarget;
			buildConfigurationList = 5BB4DF992B00DE3700DE827B /* Build configuration list for PBXNativeTarget "CalcHelper" */;
			buildPhases = (
				5BB4DF872B00DE3500DE827B /* Sources */,
				5BB4DF882B00DE3500DE827B /* Frameworks */,
				5BB4DF892B00DE3500DE827B /* Resources */,
			);
			buildRules = (
			);
			dependencies = (
			);
			name = CalcHelper;
			productName = CalcHelper;
			productReference = 5BB4DF8B2B00DE3500DE827B /* CalcHelper.app */;
			productType = "com.apple.product-type.application";
		};
/* End PBXNativeTarget section */

/* Begin PBXProject section */
		5BB4DF832B00DE3500DE827B /* Project object */ = {
			isa = PBXProject;
			attributes = {
				BuildIndependentTargetsInParallel = 1;
				LastSwiftUpdateCheck = 1500;
				LastUpgradeCheck = 1500;
				TargetAttributes = {
					5BB4DF8A2B00DE3500DE827B = {
						CreatedOnToolsVersion = 15.0.1;
					};
				};
			};
			buildConfigurationList = 5BB4DF862B00DE3500DE827B /* Build configuration list for PBXProject "CalcHelper" */;
			compatibilityVersion = "Xcode 14.0";
			developmentRegion = en;
			hasScannedForEncodings = 0;
			knownRegions = (
				en,
				Base,
			);
			mainGroup = 5BB4DF822B00DE3500DE827B;
			productRefGroup = 5BB4DF8C2B00DE3500DE827B /* Products */;
			projectDirPath = "";
			projectRoot = "";
			targets = (
				5BB4DF8A2B00DE3500DE827B /* CalcHelper */,
			);
		};
/* End PBXProject section */

/* Begin PBXResourcesBuildPhase section */
		5BB4DF892B00DE3500DE827B /* Resources */ = {
			isa = PBXResourcesBuildPhase;
			buildActionMask = 2147483647;
			files = (
				5BB4DF9F2B00DF6400DE827B /* LaunchScreen.storyboard in Resources */,
				5BB4DF962B00DE3700DE827B /* Preview Assets.xcassets in Resources */,
				5BB4DF932B00DE3700DE827B /* Assets.xcassets in Resources */,
			);
			runOnlyForDeploymentPostprocessing = 0;
		};
/* End PBXResourcesBuildPhase section */

/* Begin PBXSourcesBuildPhase section */
		5BB4DF872B00DE3500DE827B /* Sources */ = {
			isa = PBXSourcesBuildPhase;
			buildActionMask = 2147483647;
			files = (
				5B203FFB2B121C5D00BD99CC /* TimerView.swift in Sources */,
				5B7A2F242B057C0A00454B14 /* EditorsButton.swift in Sources */,
				5B27E3232B06CDA9006787C9 /* StreamsButton.swift in Sources */,
				5BB4DFAE2B01031400DE827B /* WelcomeView.swift in Sources */,
				5B7A2F262B057D1900454B14 /* GainAndLossButton.swift in Sources */,
				5B751F852B12458D0093AECB /* SignalModel.swift in Sources */,
				5B7FBAAA2B093B65004E049F /* FibonacciCalculator.swift in Sources */,
				5B7FBAAC2B095365004E049F /* ListRowViewModel.swift in Sources */,
				5BB4DFA72B00E84400DE827B /* Color.swift in Sources */,
				5B751F812B12388A0093AECB /* SignalViewModel.swift in Sources */,
				5BB4DFB92B01280D00DE827B /* DemoTargetsView.swift in Sources */,
				5B7A2F202B05515D00454B14 /* SignalsView.swift in Sources */,
				5BB4DFB72B0125BB00DE827B /* OnboardingView.swift in Sources */,
				5BB860612B0A9830005D13D3 /* Gain&LossCalculator.swift in Sources */,
				5B7A2F1E2B05512E00454B14 /* TabBarView.swift in Sources */,
				5BB4DFB32B01044700DE827B /* BackgroundView.swift in Sources */,
				5BB4DFA92B00F17900DE827B /* LoadingView.swift in Sources */,
				5B27E3212B06CD1D006787C9 /* FibonacciButton.swift in Sources */,
				5B27E3292B06CEC7006787C9 /* PrivacyPolicyButton.swift in Sources */,
				5B7A2F282B057D8700454B14 /* SettingsButton.swift in Sources */,
				5B516A3B2B0A2EA100395CA4 /* RowModel.swift in Sources */,
				5B23B0202B017083007C6892 /* RateView.swift in Sources */,
				5B203FFD2B12328F00BD99CC /* SignalRowView.swift in Sources */,
				5BF337662B04074300BE382E /* BackgroundTabView.swift in Sources */,
				5BB4DF8F2B00DE3500DE827B /* CalcHelperApp.swift in Sources */,
				5B23B0222B017096007C6892 /* GetStartedView.swift in Sources */,
				5B27E32B2B06CED3006787C9 /* SupportAppButton.swift in Sources */,
				5BD0B8EC2B02AA8900F362B4 /* HomeView.swift in Sources */,
				5BA4D15D2B013D5D00B4A10F /* DemoPhoneView.swift in Sources */,
				5B23B01E2B01705A007C6892 /* DemoCalculatorsView.swift in Sources */,
				5B9FAD9A2B06C2960061BF21 /* SettingsView.swift in Sources */,
			);
			runOnlyForDeploymentPostprocessing = 0;
		};
/* End PBXSourcesBuildPhase section */

/* Begin XCBuildConfiguration section */
		5BB4DF972B00DE3700DE827B /* Debug */ = {
			isa = XCBuildConfiguration;
			buildSettings = {
				ALWAYS_SEARCH_USER_PATHS = NO;
				ASSETCATALOG_COMPILER_GENERATE_SWIFT_ASSET_SYMBOL_EXTENSIONS = YES;
				CLANG_ANALYZER_NONNULL = YES;
				CLANG_ANALYZER_NUMBER_OBJECT_CONVERSION = YES_AGGRESSIVE;
				CLANG_CXX_LANGUAGE_STANDARD = "gnu++20";
				CLANG_ENABLE_MODULES = YES;
				CLANG_ENABLE_OBJC_ARC = YES;
				CLANG_ENABLE_OBJC_WEAK = YES;
				CLANG_WARN_BLOCK_CAPTURE_AUTORELEASING = YES;
				CLANG_WARN_BOOL_CONVERSION = YES;
				CLANG_WARN_COMMA = YES;
				CLANG_WARN_CONSTANT_CONVERSION = YES;
				CLANG_WARN_DEPRECATED_OBJC_IMPLEMENTATIONS = YES;
				CLANG_WARN_DIRECT_OBJC_ISA_USAGE = YES_ERROR;
				CLANG_WARN_DOCUMENTATION_COMMENTS = YES;
				CLANG_WARN_EMPTY_BODY = YES;
				CLANG_WARN_ENUM_CONVERSION = YES;
				CLANG_WARN_INFINITE_RECURSION = YES;
				CLANG_WARN_INT_CONVERSION = YES;
				CLANG_WARN_NON_LITERAL_NULL_CONVERSION = YES;
				CLANG_WARN_OBJC_IMPLICIT_RETAIN_SELF = YES;
				CLANG_WARN_OBJC_LITERAL_CONVERSION = YES;
				CLANG_WARN_OBJC_ROOT_CLASS = YES_ERROR;
				CLANG_WARN_QUOTED_INCLUDE_IN_FRAMEWORK_HEADER = YES;
				CLANG_WARN_RANGE_LOOP_ANALYSIS = YES;
				CLANG_WARN_STRICT_PROTOTYPES = YES;
				CLANG_WARN_SUSPICIOUS_MOVE = YES;
				CLANG_WARN_UNGUARDED_AVAILABILITY = YES_AGGRESSIVE;
				CLANG_WARN_UNREACHABLE_CODE = YES;
				CLANG_WARN__DUPLICATE_METHOD_MATCH = YES;
				COPY_PHASE_STRIP = NO;
				DEBUG_INFORMATION_FORMAT = dwarf;
				ENABLE_STRICT_OBJC_MSGSEND = YES;
				ENABLE_TESTABILITY = YES;
				ENABLE_USER_SCRIPT_SANDBOXING = YES;
				GCC_C_LANGUAGE_STANDARD = gnu17;
				GCC_DYNAMIC_NO_PIC = NO;
				GCC_NO_COMMON_BLOCKS = YES;
				GCC_OPTIMIZATION_LEVEL = 0;
				GCC_PREPROCESSOR_DEFINITIONS = (
					"DEBUG=1",
					"$(inherited)",
				);
				GCC_WARN_64_TO_32_BIT_CONVERSION = YES;
				GCC_WARN_ABOUT_RETURN_TYPE = YES_ERROR;
				GCC_WARN_UNDECLARED_SELECTOR = YES;
				GCC_WARN_UNINITIALIZED_AUTOS = YES_AGGRESSIVE;
				GCC_WARN_UNUSED_FUNCTION = YES;
				GCC_WARN_UNUSED_VARIABLE = YES;
				IPHONEOS_DEPLOYMENT_TARGET = 15.0;
				LOCALIZATION_PREFERS_STRING_CATALOGS = YES;
				MTL_ENABLE_DEBUG_INFO = INCLUDE_SOURCE;
				MTL_FAST_MATH = YES;
				ONLY_ACTIVE_ARCH = YES;
				SDKROOT = iphoneos;
				SWIFT_ACTIVE_COMPILATION_CONDITIONS = "DEBUG $(inherited)";
				SWIFT_OPTIMIZATION_LEVEL = "-Onone";
			};
			name = Debug;
		};
		5BB4DF982B00DE3700DE827B /* Release */ = {
			isa = XCBuildConfiguration;
			buildSettings = {
				ALWAYS_SEARCH_USER_PATHS = NO;
				ASSETCATALOG_COMPILER_GENERATE_SWIFT_ASSET_SYMBOL_EXTENSIONS = YES;
				CLANG_ANALYZER_NONNULL = YES;
				CLANG_ANALYZER_NUMBER_OBJECT_CONVERSION = YES_AGGRESSIVE;
				CLANG_CXX_LANGUAGE_STANDARD = "gnu++20";
				CLANG_ENABLE_MODULES = YES;
				CLANG_ENABLE_OBJC_ARC = YES;
				CLANG_ENABLE_OBJC_WEAK = YES;
				CLANG_WARN_BLOCK_CAPTURE_AUTORELEASING = YES;
				CLANG_WARN_BOOL_CONVERSION = YES;
				CLANG_WARN_COMMA = YES;
				CLANG_WARN_CONSTANT_CONVERSION = YES;
				CLANG_WARN_DEPRECATED_OBJC_IMPLEMENTATIONS = YES;
				CLANG_WARN_DIRECT_OBJC_ISA_USAGE = YES_ERROR;
				CLANG_WARN_DOCUMENTATION_COMMENTS = YES;
				CLANG_WARN_EMPTY_BODY = YES;
				CLANG_WARN_ENUM_CONVERSION = YES;
				CLANG_WARN_INFINITE_RECURSION = YES;
				CLANG_WARN_INT_CONVERSION = YES;
				CLANG_WARN_NON_LITERAL_NULL_CONVERSION = YES;
				CLANG_WARN_OBJC_IMPLICIT_RETAIN_SELF = YES;
				CLANG_WARN_OBJC_LITERAL_CONVERSION = YES;
				CLANG_WARN_OBJC_ROOT_CLASS = YES_ERROR;
				CLANG_WARN_QUOTED_INCLUDE_IN_FRAMEWORK_HEADER = YES;
				CLANG_WARN_RANGE_LOOP_ANALYSIS = YES;
				CLANG_WARN_STRICT_PROTOTYPES = YES;
				CLANG_WARN_SUSPICIOUS_MOVE = YES;
				CLANG_WARN_UNGUARDED_AVAILABILITY = YES_AGGRESSIVE;
				CLANG_WARN_UNREACHABLE_CODE = YES;
				CLANG_WARN__DUPLICATE_METHOD_MATCH = YES;
				COPY_PHASE_STRIP = NO;
				DEBUG_INFORMATION_FORMAT = "dwarf-with-dsym";
				ENABLE_NS_ASSERTIONS = NO;
				ENABLE_STRICT_OBJC_MSGSEND = YES;
				ENABLE_USER_SCRIPT_SANDBOXING = YES;
				GCC_C_LANGUAGE_STANDARD = gnu17;
				GCC_NO_COMMON_BLOCKS = YES;
				GCC_WARN_64_TO_32_BIT_CONVERSION = YES;
				GCC_WARN_ABOUT_RETURN_TYPE = YES_ERROR;
				GCC_WARN_UNDECLARED_SELECTOR = YES;
				GCC_WARN_UNINITIALIZED_AUTOS = YES_AGGRESSIVE;
				GCC_WARN_UNUSED_FUNCTION = YES;
				GCC_WARN_UNUSED_VARIABLE = YES;
				IPHONEOS_DEPLOYMENT_TARGET = 15.0;
				LOCALIZATION_PREFERS_STRING_CATALOGS = YES;
				MTL_ENABLE_DEBUG_INFO = NO;
				MTL_FAST_MATH = YES;
				SDKROOT = iphoneos;
				SWIFT_COMPILATION_MODE = wholemodule;
				VALIDATE_PRODUCT = YES;
			};
			name = Release;
		};
		5BB4DF9A2B00DE3700DE827B /* Debug */ = {
			isa = XCBuildConfiguration;
			buildSettings = {
				ASSETCATALOG_COMPILER_APPICON_NAME = AppIcon;
				ASSETCATALOG_COMPILER_GLOBAL_ACCENT_COLOR_NAME = AccentColor;
				CODE_SIGN_STYLE = Automatic;
				CURRENT_PROJECT_VERSION = 1;
				DEVELOPMENT_ASSET_PATHS = "\"CalcHelper/Preview Content\"";
				DEVELOPMENT_TEAM = 695W8CRMKH;
				ENABLE_PREVIEWS = YES;
				GENERATE_INFOPLIST_FILE = YES;
				INFOPLIST_FILE = CalcHelper/Info.plist;
				INFOPLIST_KEY_CFBundleDisplayName = CalcHelper;
				INFOPLIST_KEY_NSUserTrackingUsageDescription = "Your data will be used to deliver personalise ads to you.";
				INFOPLIST_KEY_UIApplicationSceneManifest_Generation = YES;
				INFOPLIST_KEY_UIApplicationSupportsIndirectInputEvents = YES;
				INFOPLIST_KEY_UILaunchScreen_Generation = YES;
				INFOPLIST_KEY_UILaunchStoryboardName = LaunchScreen.storyboard;
				INFOPLIST_KEY_UIRequiresFullScreen = YES;
				INFOPLIST_KEY_UISupportedInterfaceOrientations = UIInterfaceOrientationPortrait;
				IPHONEOS_DEPLOYMENT_TARGET = 15.0;
				LD_RUNPATH_SEARCH_PATHS = (
					"$(inherited)",
					"@executable_path/Frameworks",
				);
				MARKETING_VERSION = 1.0;
				PRODUCT_BUNDLE_IDENTIFIER = AtaevAleksandr.CalcHelper;
				PRODUCT_NAME = "$(TARGET_NAME)";
				SUPPORTED_PLATFORMS = "iphoneos iphonesimulator";
				SUPPORTS_MACCATALYST = NO;
				SUPPORTS_MAC_DESIGNED_FOR_IPHONE_IPAD = NO;
				SWIFT_EMIT_LOC_STRINGS = YES;
				SWIFT_VERSION = 5.0;
				TARGETED_DEVICE_FAMILY = "1,2";
			};
			name = Debug;
		};
		5BB4DF9B2B00DE3700DE827B /* Release */ = {
			isa = XCBuildConfiguration;
			buildSettings = {
				ASSETCATALOG_COMPILER_APPICON_NAME = AppIcon;
				ASSETCATALOG_COMPILER_GLOBAL_ACCENT_COLOR_NAME = AccentColor;
				CODE_SIGN_STYLE = Automatic;
				CURRENT_PROJECT_VERSION = 1;
				DEVELOPMENT_ASSET_PATHS = "\"CalcHelper/Preview Content\"";
				DEVELOPMENT_TEAM = 695W8CRMKH;
				ENABLE_PREVIEWS = YES;
				GENERATE_INFOPLIST_FILE = YES;
				INFOPLIST_FILE = CalcHelper/Info.plist;
				INFOPLIST_KEY_CFBundleDisplayName = CalcHelper;
				INFOPLIST_KEY_NSUserTrackingUsageDescription = "Your data will be used to deliver personalise ads to you.";
				INFOPLIST_KEY_UIApplicationSceneManifest_Generation = YES;
				INFOPLIST_KEY_UIApplicationSupportsIndirectInputEvents = YES;
				INFOPLIST_KEY_UILaunchScreen_Generation = YES;
				INFOPLIST_KEY_UILaunchStoryboardName = LaunchScreen.storyboard;
				INFOPLIST_KEY_UIRequiresFullScreen = YES;
				INFOPLIST_KEY_UISupportedInterfaceOrientations = UIInterfaceOrientationPortrait;
				IPHONEOS_DEPLOYMENT_TARGET = 15.0;
				LD_RUNPATH_SEARCH_PATHS = (
					"$(inherited)",
					"@executable_path/Frameworks",
				);
				MARKETING_VERSION = 1.0;
				PRODUCT_BUNDLE_IDENTIFIER = AtaevAleksandr.CalcHelper;
				PRODUCT_NAME = "$(TARGET_NAME)";
				SUPPORTED_PLATFORMS = "iphoneos iphonesimulator";
				SUPPORTS_MACCATALYST = NO;
				SUPPORTS_MAC_DESIGNED_FOR_IPHONE_IPAD = NO;
				SWIFT_EMIT_LOC_STRINGS = YES;
				SWIFT_VERSION = 5.0;
				TARGETED_DEVICE_FAMILY = "1,2";
			};
			name = Release;
		};
/* End XCBuildConfiguration section */

/* Begin XCConfigurationList section */
		5BB4DF862B00DE3500DE827B /* Build configuration list for PBXProject "CalcHelper" */ = {
			isa = XCConfigurationList;
			buildConfigurations = (
				5BB4DF972B00DE3700DE827B /* Debug */,
				5BB4DF982B00DE3700DE827B /* Release */,
			);
			defaultConfigurationIsVisible = 0;
			defaultConfigurationName = Release;
		};
		5BB4DF992B00DE3700DE827B /* Build configuration list for PBXNativeTarget "CalcHelper" */ = {
			isa = XCConfigurationList;
			buildConfigurations = (
				5BB4DF9A2B00DE3700DE827B /* Debug */,
				5BB4DF9B2B00DE3700DE827B /* Release */,
			);
			defaultConfigurationIsVisible = 0;
			defaultConfigurationName = Release;
		};
/* End XCConfigurationList section */
	};
	rootObject = 5BB4DF832B00DE3500DE827B /* Project object */;
}
